<Solution>
  <Project Path="BankAgreements.Api/BankAgreements.Api.csproj" />
  <Project Path="BankAgreements.Infrastructure/BankAgreements.Infrastructure.csproj" />
  <Project Path="BankAgreements.Services/BankAgreements.Services.csproj" />
  <Project Path="BankAgreements.Shared/BankAgreements.Shared.csproj" />
</Solution>
